
Microsoft Visual Studio Solution File, Format Version 12.00
# Visual Studio Version 17
VisualStudioVersion = 17.5.2.0
MinimumVisualStudioVersion = 10.0.40219.1
Project("{FAE04EC0-301F-11D3-BF4B-00C04F79EFBC}") = "FinLens.Web", "FinLens.Web\FinLens.Web.csproj", "{2EDE6BDF-0ECB-96CB-F8F2-7DD6038D9208}"
EndProject
Project("{FAE04EC0-301F-11D3-BF4B-00C04F79EFBC}") = "FinLens.Web.Tests", "FinLens.Web.Tests\FinLens.Web.Tests.csproj", "{C3AB2B3C-D39B-4A00-996E-0D3292E08632}"
EndProject
Global
	GlobalSection(SolutionConfigurationPlatforms) = preSolution
		Debug|Any CPU = Debug|Any CPU
		Debug|x64 = Debug|x64
		Debug|x86 = Debug|x86
		Release|Any CPU = Release|Any CPU
		Release|x64 = Release|x64
		Release|x86 = Release|x86
	EndGlobalSection
	GlobalSection(ProjectConfigurationPlatforms) = postSolution
		{2EDE6BDF-0ECB-96CB-F8F2-7DD6038D9208}.Debug|Any CPU.ActiveCfg = Debug|Any CPU
		{2EDE6BDF-0ECB-96CB-F8F2-7DD6038D9208}.Debug|Any CPU.Build.0 = Debug|Any CPU
		{2EDE6BDF-0ECB-96CB-F8F2-7DD6038D9208}.Debug|x64.ActiveCfg = Debug|Any CPU
		{2EDE6BDF-0ECB-96CB-F8F2-7DD6038D9208}.Debug|x64.Build.0 = Debug|Any CPU
		{2EDE6BDF-0ECB-96CB-F8F2-7DD6038D9208}.Debug|x86.ActiveCfg = Debug|Any CPU
		{2EDE6BDF-0ECB-96CB-F8F2-7DD6038D9208}.Debug|x86.Build.0 = Debug|Any CPU
		{2EDE6BDF-0ECB-96CB-F8F2-7DD6038D9208}.Release|Any CPU.ActiveCfg = Release|Any CPU
		{2EDE6BDF-0ECB-96CB-F8F2-7DD6038D9208}.Release|Any CPU.Build.0 = Release|Any CPU
		{2EDE6BDF-0ECB-96CB-F8F2-7DD6038D9208}.Release|x64.ActiveCfg = Release|Any CPU
		{2EDE6BDF-0ECB-96CB-F8F2-7DD6038D9208}.Release|x64.Build.0 = Release|Any CPU
		{2EDE6BDF-0ECB-96CB-F8F2-7DD6038D9208}.Release|x86.ActiveCfg = Release|Any CPU
		{2EDE6BDF-0ECB-96CB-F8F2-7DD6038D9208}.Release|x86.Build.0 = Release|Any CPU
		{C3AB2B3C-D39B-4A00-996E-0D3292E08632}.Debug|Any CPU.ActiveCfg = Debug|Any CPU
		{C3AB2B3C-D39B-4A00-996E-0D3292E08632}.Debug|Any CPU.Build.0 = Debug|Any CPU
		{C3AB2B3C-D39B-4A00-996E-0D3292E08632}.Debug|x64.ActiveCfg = Debug|Any CPU
		{C3AB2B3C-D39B-4A00-996E-0D3292E08632}.Debug|x64.Build.0 = Debug|Any CPU
		{C3AB2B3C-D39B-4A00-996E-0D3292E08632}.Debug|x86.ActiveCfg = Debug|Any CPU
		{C3AB2B3C-D39B-4A00-996E-0D3292E08632}.Debug|x86.Build.0 = Debug|Any CPU
		{C3AB2B3C-D39B-4A00-996E-0D3292E08632}.Release|Any CPU.ActiveCfg = Release|Any CPU
		{C3AB2B3C-D39B-4A00-996E-0D3292E08632}.Release|Any CPU.Build.0 = Release|Any CPU
		{C3AB2B3C-D39B-4A00-996E-0D3292E08632}.Release|x64.ActiveCfg = Release|Any CPU
		{C3AB2B3C-D39B-4A00-996E-0D3292E08632}.Release|x64.Build.0 = Release|Any CPU
		{C3AB2B3C-D39B-4A00-996E-0D3292E08632}.Release|x86.ActiveCfg = Release|Any CPU
		{C3AB2B3C-D39B-4A00-996E-0D3292E08632}.Release|x86.Build.0 = Release|Any CPU
	EndGlobalSection
	GlobalSection(SolutionProperties) = preSolution
		HideSolutionNode = FALSE
	EndGlobalSection
	GlobalSection(ExtensibilityGlobals) = postSolution
		SolutionGuid = {F8AA153E-A92B-4EFE-A75C-1025026B086F}
	EndGlobalSection
EndGlobal
